// !$*UTF8*$!
{
	archiveVersion = 1;
	classes = {
	};
	objectVersion = 77;
	objects = {

/* Begin PBXBuildFile section */
		625E203D7E8B14408096F75E /* Pods_casestudy1_qrisTests.framework in Frameworks */ = {isa = PBXBuildFile; fileRef = DCD094BC2DE1964C62EFA3DF /* Pods_casestudy1_qrisTests.framework */; };
		6422F4F22FB71931002B3D0F /* Info.plist in Resources */ = {isa = PBXBuildFile; fileRef = 6422F4F12FB71931002B3D0F /* Info.plist */; };
		6422F4F32FB71931002B3D0F /* Info.plist in Resources */ = {isa = PBXBuildFile; fileRef = 6422F4F12FB71931002B3D0F /* Info.plist */; };
		ADC9251D9C3CB21A0C3EB5D8 /* Pods_casestudy1_qris.framework in Frameworks */ = {isa = PBXBuildFile; fileRef = A62C08DF798DBDB308021641 /* Pods_casestudy1_qris.framework */; };
/* End PBXBuildFile section */

/* Begin PBXContainerItemProxy section */
		648CE3562FB3A4A600034945 /* PBXContainerItemProxy */ = {
			isa = PBXContainerItemProxy;
			containerPortal = 648CE33B2FB3A4A400034945 /* Project object */;
			proxyType = 1;
			remoteGlobalIDString = 648CE3422FB3A4A400034945;
			remoteInfo = casestudy1_qris;
		};
		648CE3602FB3A4A600034945 /* PBXContainerItemProxy */ = {
			isa = PBXContainerItemProxy;
			containerPortal = 648CE33B2FB3A4A400034945 /* Project object */;
			proxyType = 1;
			remoteGlobalIDString = 648CE3422FB3A4A400034945;
			remoteInfo = casestudy1_qris;
		};
/* End PBXContainerItemProxy section */

/* Begin PBXFileReference section */
		0651FAA9F5AEFDD15624E4A3 /* Pods-casestudy1_qrisTests.release.xcconfig */ = {isa = PBXFileReference; includeInIndex = 1; lastKnownFileType = text.xcconfig; name = "Pods-casestudy1_qrisTests.release.xcconfig"; path = "Target Support Files/Pods-casestudy1_qrisTests/Pods-casestudy1_qrisTests.release.xcconfig"; sourceTree = "<group>"; };
		52F90306526584A4304E2E59 /* Pods-casestudy1_qris.release.xcconfig */ = {isa = PBXFileReference; includeInIndex = 1; lastKnownFileType = text.xcconfig; name = "Pods-casestudy1_qris.release.xcconfig"; path = "Target Support Files/Pods-casestudy1_qris/Pods-casestudy1_qris.release.xcconfig"; sourceTree = "<group>"; };
		63399FBBA02C68F042704E61 /* Pods-casestudy1_qris.debug.xcconfig */ = {isa = PBXFileReference; includeInIndex = 1; lastKnownFileType = text.xcconfig; name = "Pods-casestudy1_qris.debug.xcconfig"; path = "Target Support Files/Pods-casestudy1_qris/Pods-casestudy1_qris.debug.xcconfig"; sourceTree = "<group>"; };
		6422F4F12FB71931002B3D0F /* Info.plist */ = {isa = PBXFileReference; lastKnownFileType = text.plist.xml; path = Info.plist; sourceTree = "<group>"; };
		648CE3432FB3A4A400034945 /* casestudy1_qris.app */ = {isa = PBXFileReference; explicitFileType = wrapper.application; includeInIndex = 0; path = casestudy1_qris.app; sourceTree = BUILT_PRODUCTS_DIR; };
		648CE3552FB3A4A600034945 /* casestudy1_qrisTests.xctest */ = {isa = PBXFileReference; explicitFileType = wrapper.cfbundle; includeInIndex = 0; path = casestudy1_qrisTests.xctest; sourceTree = BUILT_PRODUCTS_DIR; };
		648CE35F2FB3A4A600034945 /* casestudy1_qrisUITests.xctest */ = {isa = PBXFileReference; explicitFileType = wrapper.cfbundle; includeInIndex = 0; path = casestudy1_qrisUITests.xctest; sourceTree = BUILT_PRODUCTS_DIR; };
		A62C08DF798DBDB308021641 /* Pods_casestudy1_qris.framework */ = {isa = PBXFileReference; explicitFileType = wrapper.framework; includeInIndex = 0; path = Pods_casestudy1_qris.framework; sourceTree = BUILT_PRODUCTS_DIR; };
		B4FB2B5E354A44D72EAF78F5 /* Pods-casestudy1_qrisTests.debug.xcconfig */ = {isa = PBXFileReference; includeInIndex = 1; lastKnownFileType = text.xcconfig; name = "Pods-casestudy1_qrisTests.debug.xcconfig"; path = "Target Support Files/Pods-casestudy1_qrisTests/Pods-casestudy1_qrisTests.debug.xcconfig"; sourceTree = "<group>"; };
		DCD094BC2DE1964C62EFA3DF /* Pods_casestudy1_qrisTests.framework */ = {isa = PBXFileReference; explicitFileType = wrapper.framework; includeInIndex = 0; path = Pods_casestudy1_qrisTests.framework; sourceTree = BUILT_PRODUCTS_DIR; };
/* End PBXFileReference section */

/* Begin PBXFileSystemSynchronizedRootGroup section */
		648CE3452FB3A4A400034945 /* casestudy1_qris */ = {
			isa = PBXFileSystemSynchronizedRootGroup;
			path = casestudy1_qris;
			sourceTree = "<group>";
		};
		648CE3582FB3A4A600034945 /* casestudy1_qrisTests */ = {
			isa = PBXFileSystemSynchronizedRootGroup;
			path = casestudy1_qrisTests;
			sourceTree = "<group>";
		};
		648CE3622FB3A4A600034945 /* casestudy1_qrisUITests */ = {
			isa = PBXFileSystemSynchronizedRootGroup;
			path = casestudy1_qrisUITests;
			sourceTree = "<group>";
		};
/* End PBXFileSystemSynchronizedRootGroup section */

/* Begin PBXFrameworksBuildPhase section */
		648CE3402FB3A4A400034945 /* Frameworks */ = {
			isa = PBXFrameworksBuildPhase;
			buildActionMask = 2147483647;
			files = (
				ADC9251D9C3CB21A0C3EB5D8 /* Pods_casestudy1_qris.framework in Frameworks */,
			);
			runOnlyForDeploymentPostprocessing = 0;
		};
		648CE3522FB3A4A600034945 /* Frameworks */ = {
			isa = PBXFrameworksBuildPhase;
			buildActionMask = 2147483647;
			files = (
				625E203D7E8B14408096F75E /* Pods_casestudy1_qrisTests.framework in Frameworks */,
			);
			runOnlyForDeploymentPostprocessing = 0;
		};
		648CE35C2FB3A4A600034945 /* Frameworks */ = {
			isa = PBXFrameworksBuildPhase;
			buildActionMask = 2147483647;
			files = (
			);
			runOnlyForDeploymentPostprocessing = 0;
		};
/* End PBXFrameworksBuildPhase section */

/* Begin PBXGroup section */
		0F7E2F930DFF5A5FDD2B5CAD /* Frameworks */ = {
			isa = PBXGroup;
			children = (
				A62C08DF798DBDB308021641 /* Pods_casestudy1_qris.framework */,
				DCD094BC2DE1964C62EFA3DF /* Pods_casestudy1_qrisTests.framework */,
			);
			name = Frameworks;
			sourceTree = "<group>";
		};
		648CE33A2FB3A4A400034945 = {
			isa = PBXGroup;
			children = (
				6422F4F12FB71931002B3D0F /* Info.plist */,
				648CE3452FB3A4A400034945 /* casestudy1_qris */,
				648CE3582FB3A4A600034945 /* casestudy1_qrisTests */,
				648CE3622FB3A4A600034945 /* casestudy1_qrisUITests */,
				648CE3442FB3A4A400034945 /* Products */,
				FBD5B3F5DD22F115C17725C0 /* Pods */,
				0F7E2F930DFF5A5FDD2B5CAD /* Frameworks */,
			);
			sourceTree = "<group>";
		};
		648CE3442FB3A4A400034945 /* Products */ = {
			isa = PBXGroup;
			children = (
				648CE3432FB3A4A400034945 /* casestudy1_qris.app */,
				648CE3552FB3A4A600034945 /* casestudy1_qrisTests.xctest */,
				648CE35F2FB3A4A600034945 /* casestudy1_qrisUITests.xctest */,
			);
			name = Products;
			sourceTree = "<group>";
		};
		FBD5B3F5DD22F115C17725C0 /* Pods */ = {
			isa = PBXGroup;
			children = (
				63399FBBA02C68F042704E61 /* Pods-casestudy1_qris.debug.xcconfig */,
				52F90306526584A4304E2E59 /* Pods-casestudy1_qris.release.xcconfig */,
				B4FB2B5E354A44D72EAF78F5 /* Pods-casestudy1_qrisTests.debug.xcconfig */,
				0651FAA9F5AEFDD15624E4A3 /* Pods-casestudy1_qrisTests.release.xcconfig */,
			);
			path = Pods;
			sourceTree = "<group>";
		};
/* End PBXGroup section */

/* Begin PBXNativeTarget section */
		648CE3422FB3A4A400034945 /* casestudy1_qris */ = {
			isa = PBXNativeTarget;
			buildConfigurationList = 648CE3692FB3A4A600034945 /* Build configuration list for PBXNativeTarget "casestudy1_qris" */;
			buildPhases = (
				886DAC88DF22C3C837BD5B9C /* [CP] Check Pods Manifest.lock */,
				648CE33F2FB3A4A400034945 /* Sources */,
				648CE3402FB3A4A400034945 /* Frameworks */,
				648CE3412FB3A4A400034945 /* Resources */,
				CA17E34B460A8A85914124EC /* [CP] Embed Pods Frameworks */,
			);
			buildRules = (
			);
			dependencies = (
			);
			fileSystemSynchronizedGroups = (
				648CE3452FB3A4A400034945 /* casestudy1_qris */,
			);
			name = casestudy1_qris;
			productName = casestudy1_qris;
			productReference = 648CE3432FB3A4A400034945 /* casestudy1_qris.app */;
			productType = "com.apple.product-type.application";
		};
		648CE3542FB3A4A600034945 /* casestudy1_qrisTests */ = {
			isa = PBXNativeTarget;
			buildConfigurationList = 648CE36C2FB3A4A600034945 /* Build configuration list for PBXNativeTarget "casestudy1_qrisTests" */;
			buildPhases = (
				09FCDF8131D9F9A99E8F0DE9 /* [CP] Check Pods Manifest.lock */,
				648CE3512FB3A4A600034945 /* Sources */,
				648CE3522FB3A4A600034945 /* Frameworks */,
				648CE3532FB3A4A600034945 /* Resources */,
			);
			buildRules = (
			);
			dependencies = (
				648CE3572FB3A4A600034945 /* PBXTargetDependency */,
			);
			fileSystemSynchronizedGroups = (
				648CE3582FB3A4A600034945 /* casestudy1_qrisTests */,
			);
			name = casestudy1_qrisTests;
			productName = casestudy1_qrisTests;
			productReference = 648CE3552FB3A4A600034945 /* casestudy1_qrisTests.xctest */;
			productType = "com.apple.product-type.bundle.unit-test";
		};
		648CE35E2FB3A4A600034945 /* casestudy1_qrisUITests */ = {
			isa = PBXNativeTarget;
			buildConfigurationList = 648CE36F2FB3A4A600034945 /* Build configuration list for PBXNativeTarget "casestudy1_qrisUITests" */;
			buildPhases = (
				648CE35B2FB3A4A600034945 /* Sources */,
				648CE35C2FB3A4A600034945 /* Frameworks */,
				648CE35D2FB3A4A600034945 /* Resources */,
			);
			buildRules = (
			);
			dependencies = (
				648CE3612FB3A4A600034945 /* PBXTargetDependency */,
			);
			fileSystemSynchronizedGroups = (
				648CE3622FB3A4A600034945 /* casestudy1_qrisUITests */,
			);
			name = casestudy1_qrisUITests;
			productName = casestudy1_qrisUITests;
			productReference = 648CE35F2FB3A4A600034945 /* casestudy1_qrisUITests.xctest */;
			productType = "com.apple.product-type.bundle.ui-testing";
		};
/* End PBXNativeTarget section */

/* Begin PBXProject section */
		648CE33B2FB3A4A400034945 /* Project object */ = {
			isa = PBXProject;
			attributes = {
				BuildIndependentTargetsInParallel = 1;
				LastSwiftUpdateCheck = 2640;
				LastUpgradeCheck = 2650;
				TargetAttributes = {
					648CE3422FB3A4A400034945 = {
						CreatedOnToolsVersion = 26.4.1;
					};
					648CE3542FB3A4A600034945 = {
						CreatedOnToolsVersion = 26.4.1;
						TestTargetID = 648CE3422FB3A4A400034945;
					};
					648CE35E2FB3A4A600034945 = {
						CreatedOnToolsVersion = 26.4.1;
						TestTargetID = 648CE3422FB3A4A400034945;
					};
				};
			};
			buildConfigurationList = 648CE33E2FB3A4A400034945 /* Build configuration list for PBXProject "casestudy1_qris" */;
			developmentRegion = en;
			hasScannedForEncodings = 0;
			knownRegions = (
				en,
				Base,
			);
			mainGroup = 648CE33A2FB3A4A400034945;
			minimizedProjectReferenceProxies = 1;
			preferredProjectObjectVersion = 77;
			productRefGroup = 648CE3442FB3A4A400034945 /* Products */;
			projectDirPath = "";
			projectRoot = "";
			targets = (
				648CE3422FB3A4A400034945 /* casestudy1_qris */,
				648CE3542FB3A4A600034945 /* casestudy1_qrisTests */,
				648CE35E2FB3A4A600034945 /* casestudy1_qrisUITests */,
			);
		};
/* End PBXProject section */

/* Begin PBXResourcesBuildPhase section */
		648CE3412FB3A4A400034945 /* Resources */ = {
			isa = PBXResourcesBuildPhase;
			buildActionMask = 2147483647;
			files = (
			);
			runOnlyForDeploymentPostprocessing = 0;
		};
		648CE3532FB3A4A600034945 /* Resources */ = {
			isa = PBXResourcesBuildPhase;
			buildActionMask = 2147483647;
			files = (
				6422F4F22FB71931002B3D0F /* Info.plist in Resources */,
			);
			runOnlyForDeploymentPostprocessing = 0;
		};
		648CE35D2FB3A4A600034945 /* Resources */ = {
			isa = PBXResourcesBuildPhase;
			buildActionMask = 2147483647;
			files = (
				6422F4F32FB71931002B3D0F /* Info.plist in Resources */,
			);
			runOnlyForDeploymentPostprocessing = 0;
		};
/* End PBXResourcesBuildPhase section */

/* Begin PBXShellScriptBuildPhase section */
		09FCDF8131D9F9A99E8F0DE9 /* [CP] Check Pods Manifest.lock */ = {
			isa = PBXShellScriptBuildPhase;
			buildActionMask = 2147483647;
			files = (
			);
			inputFileListPaths = (
			);
			inputPaths = (
				"${PODS_PODFILE_DIR_PATH}/Podfile.lock",
				"${PODS_ROOT}/Manifest.lock",
			);
			name = "[CP] Check Pods Manifest.lock";
			outputFileListPaths = (
			);
			outputPaths = (
				"$(DERIVED_FILE_DIR)/Pods-casestudy1_qrisTests-checkManifestLockResult.txt",
			);
			runOnlyForDeploymentPostprocessing = 0;
			shellPath = /bin/sh;
			shellScript = "diff \"${PODS_PODFILE_DIR_PATH}/Podfile.lock\" \"${PODS_ROOT}/Manifest.lock\" > /dev/null\nif [ $? != 0 ] ; then\n    # print error to STDERR\n    echo \"error: The sandbox is not in sync with the Podfile.lock. Run 'pod install' or update your CocoaPods installation.\" >&2\n    exit 1\nfi\n# This output is used by Xcode 'outputs' to avoid re-running this script phase.\necho \"SUCCESS\" > \"${SCRIPT_OUTPUT_FILE_0}\"\n";
			showEnvVarsInLog = 0;
		};
		886DAC88DF22C3C837BD5B9C /* [CP] Check Pods Manifest.lock */ = {
			isa = PBXShellScriptBuildPhase;
			buildActionMask = 2147483647;
			files = (
			);
			inputFileListPaths = (
			);
			inputPaths = (
				"${PODS_PODFILE_DIR_PATH}/Podfile.lock",
				"${PODS_ROOT}/Manifest.lock",
			);
			name = "[CP] Check Pods Manifest.lock";
			outputFileListPaths = (
			);
			outputPaths = (
				"$(DERIVED_FILE_DIR)/Pods-casestudy1_qris-checkManifestLockResult.txt",
			);
			runOnlyForDeploymentPostprocessing = 0;
			shellPath = /bin/sh;
			shellScript = "diff \"${PODS_PODFILE_DIR_PATH}/Podfile.lock\" \"${PODS_ROOT}/Manifest.lock\" > /dev/null\nif [ $? != 0 ] ; then\n    # print error to STDERR\n    echo \"error: The sandbox is not in sync with the Podfile.lock. Run 'pod install' or update your CocoaPods installation.\" >&2\n    exit 1\nfi\n# This output is used by Xcode 'outputs' to avoid re-running this script phase.\necho \"SUCCESS\" > \"${SCRIPT_OUTPUT_FILE_0}\"\n";
			showEnvVarsInLog = 0;
		};
		CA17E34B460A8A85914124EC /* [CP] Embed Pods Frameworks */ = {
			isa = PBXShellScriptBuildPhase;
			buildActionMask = 2147483647;
			files = (
			);
			inputFileListPaths = (
				"${PODS_ROOT}/Target Support Files/Pods-casestudy1_qris/Pods-casestudy1_qris-frameworks-${CONFIGURATION}-input-files.xcfilelist",
			);
			inputPaths = (
			);
			name = "[CP] Embed Pods Frameworks";
			outputFileListPaths = (
				"${PODS_ROOT}/Target Support Files/Pods-casestudy1_qris/Pods-casestudy1_qris-frameworks-${CONFIGURATION}-output-files.xcfilelist",
			);
			outputPaths = (
			);
			runOnlyForDeploymentPostprocessing = 0;
			shellPath = /bin/sh;
			shellScript = "\"${PODS_ROOT}/Target Support Files/Pods-casestudy1_qris/Pods-casestudy1_qris-frameworks.sh\"\n";
			showEnvVarsInLog = 0;
		};
/* End PBXShellScriptBuildPhase section */

/* Begin PBXSourcesBuildPhase section */
		648CE33F2FB3A4A400034945 /* Sources */ = {
			isa = PBXSourcesBuildPhase;
			buildActionMask = 2147483647;
			files = (
			);
			runOnlyForDeploymentPostprocessing = 0;
		};
		648CE3512FB3A4A600034945 /* Sources */ = {
			isa = PBXSourcesBuildPhase;
			buildActionMask = 2147483647;
			files = (
			);
			runOnlyForDeploymentPostprocessing = 0;
		};
		648CE35B2FB3A4A600034945 /* Sources */ = {
			isa = PBXSourcesBuildPhase;
			buildActionMask = 2147483647;
			files = (
			);
			runOnlyForDeploymentPostprocessing = 0;
		};
/* End PBXSourcesBuildPhase section */

/* Begin PBXTargetDependency section */
		648CE3572FB3A4A600034945 /* PBXTargetDependency */ = {
			isa = PBXTargetDependency;
			target = 648CE3422FB3A4A400034945 /* casestudy1_qris */;
			targetProxy = 648CE3562FB3A4A600034945 /* PBXContainerItemProxy */;
		};
		648CE3612FB3A4A600034945 /* PBXTargetDependency */ = {
			isa = PBXTargetDependency;
			target = 648CE3422FB3A4A400034945 /* casestudy1_qris */;
			targetProxy = 648CE3602FB3A4A600034945 /* PBXContainerItemProxy */;
		};
/* End PBXTargetDependency section */

/* Begin XCBuildConfiguration section */
		648CE3672FB3A4A600034945 /* Debug */ = {
			isa = XCBuildConfiguration;
			buildSettings = {
				ALWAYS_SEARCH_USER_PATHS = NO;
				ASSETCATALOG_COMPILER_GENERATE_SWIFT_ASSET_SYMBOL_EXTENSIONS = YES;
				CLANG_ANALYZER_NONNULL = YES;
				CLANG_ANALYZER_NUMBER_OBJECT_CONVERSION = YES_AGGRESSIVE;
				CLANG_CXX_LANGUAGE_STANDARD = "gnu++20";
				CLANG_ENABLE_MODULES = YES;
				CLANG_ENABLE_OBJC_ARC = YES;
				CLANG_ENABLE_OBJC_WEAK = YES;
				CLANG_WARN_BLOCK_CAPTURE_AUTORELEASING = YES;
				CLANG_WARN_BOOL_CONVERSION = YES;
				CLANG_WARN_COMMA = YES;
				CLANG_WARN_CONSTANT_CONVERSION = YES;
				CLANG_WARN_DEPRECATED_OBJC_IMPLEMENTATIONS = YES;
				CLANG_WARN_DIRECT_OBJC_ISA_USAGE = YES_ERROR;
				CLANG_WARN_DOCUMENTATION_COMMENTS = YES;
				CLANG_WARN_EMPTY_BODY = YES;
				CLANG_WARN_ENUM_CONVERSION = YES;
				CLANG_WARN_INFINITE_RECURSION = YES;
				CLANG_WARN_INT_CONVERSION = YES;
				CLANG_WARN_NON_LITERAL_NULL_CONVERSION = YES;
				CLANG_WARN_OBJC_IMPLICIT_RETAIN_SELF = YES;
				CLANG_WARN_OBJC_LITERAL_CONVERSION = YES;
				CLANG_WARN_OBJC_ROOT_CLASS = YES_ERROR;
				CLANG_WARN_QUOTED_INCLUDE_IN_FRAMEWORK_HEADER = YES;
				CLANG_WARN_RANGE_LOOP_ANALYSIS = YES;
				CLANG_WARN_STRICT_PROTOTYPES = YES;
				CLANG_WARN_SUSPICIOUS_MOVE = YES;
				CLANG_WARN_UNGUARDED_AVAILABILITY = YES_AGGRESSIVE;
				CLANG_WARN_UNREACHABLE_CODE = YES;
				CLANG_WARN__DUPLICATE_METHOD_MATCH = YES;
				COPY_PHASE_STRIP = NO;
				DEBUG_INFORMATION_FORMAT = dwarf;
				DEVELOPMENT_TEAM = GPX6JJ453B;
				ENABLE_STRICT_OBJC_MSGSEND = YES;
				ENABLE_TESTABILITY = YES;
				ENABLE_USER_SCRIPT_SANDBOXING = NO;
				GCC_C_LANGUAGE_STANDARD = gnu17;
				GCC_DYNAMIC_NO_PIC = NO;
				GCC_NO_COMMON_BLOCKS = YES;
				GCC_OPTIMIZATION_LEVEL = 0;
				GCC_PREPROCESSOR_DEFINITIONS = (
					"DEBUG=1",
					"$(inherited)",
				);
				GCC_WARN_64_TO_32_BIT_CONVERSION = YES;
				GCC_WARN_ABOUT_RETURN_TYPE = YES_ERROR;
				GCC_WARN_UNDECLARED_SELECTOR = YES;
				GCC_WARN_UNINITIALIZED_AUTOS = YES_AGGRESSIVE;
				GCC_WARN_UNUSED_FUNCTION = YES;
				GCC_WARN_UNUSED_VARIABLE = YES;
				IPHONEOS_DEPLOYMENT_TARGET = 26.4;
				LOCALIZATION_PREFERS_STRING_CATALOGS = YES;
				MTL_ENABLE_DEBUG_INFO = INCLUDE_SOURCE;
				MTL_FAST_MATH = YES;
				ONLY_ACTIVE_ARCH = YES;
				SDKROOT = iphoneos;
				STRING_CATALOG_GENERATE_SYMBOLS = YES;
				SWIFT_ACTIVE_COMPILATION_CONDITIONS = "DEBUG $(inherited)";
				SWIFT_OPTIMIZATION_LEVEL = "-Onone";
			};
			name = Debug;
		};
		648CE3682FB3A4A600034945 /* Release */ = {
			isa = XCBuildConfiguration;
			buildSettings = {
				ALWAYS_SEARCH_USER_PATHS = NO;
				ASSETCATALOG_COMPILER_GENERATE_SWIFT_ASSET_SYMBOL_EXTENSIONS = YES;
				CLANG_ANALYZER_NONNULL = YES;
				CLANG_ANALYZER_NUMBER_OBJECT_CONVERSION = YES_AGGRESSIVE;
				CLANG_CXX_LANGUAGE_STANDARD = "gnu++20";
				CLANG_ENABLE_MODULES = YES;
				CLANG_ENABLE_OBJC_ARC = YES;
				CLANG_ENABLE_OBJC_WEAK = YES;
				CLANG_WARN_BLOCK_CAPTURE_AUTORELEASING = YES;
				CLANG_WARN_BOOL_CONVERSION = YES;
				CLANG_WARN_COMMA = YES;
				CLANG_WARN_CONSTANT_CONVERSION = YES;
				CLANG_WARN_DEPRECATED_OBJC_IMPLEMENTATIONS = YES;
				CLANG_WARN_DIRECT_OBJC_ISA_USAGE = YES_ERROR;
				CLANG_WARN_DOCUMENTATION_COMMENTS = YES;
				CLANG_WARN_EMPTY_BODY = YES;
				CLANG_WARN_ENUM_CONVERSION = YES;
				CLANG_WARN_INFINITE_RECURSION = YES;
				CLANG_WARN_INT_CONVERSION = YES;
				CLANG_WARN_NON_LITERAL_NULL_CONVERSION = YES;
				CLANG_WARN_OBJC_IMPLICIT_RETAIN_SELF = YES;
				CLANG_WARN_OBJC_LITERAL_CONVERSION = YES;
				CLANG_WARN_OBJC_ROOT_CLASS = YES_ERROR;
				CLANG_WARN_QUOTED_INCLUDE_IN_FRAMEWORK_HEADER = YES;
				CLANG_WARN_RANGE_LOOP_ANALYSIS = YES;
				CLANG_WARN_STRICT_PROTOTYPES = YES;
				CLANG_WARN_SUSPICIOUS_MOVE = YES;
				CLANG_WARN_UNGUARDED_AVAILABILITY = YES_AGGRESSIVE;
				CLANG_WARN_UNREACHABLE_CODE = YES;
				CLANG_WARN__DUPLICATE_METHOD_MATCH = YES;
				COPY_PHASE_STRIP = NO;
				DEBUG_INFORMATION_FORMAT = "dwarf-with-dsym";
				DEVELOPMENT_TEAM = GPX6JJ453B;
				ENABLE_NS_ASSERTIONS = NO;
				ENABLE_STRICT_OBJC_MSGSEND = YES;
				ENABLE_USER_SCRIPT_SANDBOXING = NO;
				GCC_C_LANGUAGE_STANDARD = gnu17;
				GCC_NO_COMMON_BLOCKS = YES;
				GCC_WARN_64_TO_32_BIT_CONVERSION = YES;
				GCC_WARN_ABOUT_RETURN_TYPE = YES_ERROR;
				GCC_WARN_UNDECLARED_SELECTOR = YES;
				GCC_WARN_UNINITIALIZED_AUTOS = YES_AGGRESSIVE;
				GCC_WARN_UNUSED_FUNCTION = YES;
				GCC_WARN_UNUSED_VARIABLE = YES;
				IPHONEOS_DEPLOYMENT_TARGET = 26.4;
				LOCALIZATION_PREFERS_STRING_CATALOGS = YES;
				MTL_ENABLE_DEBUG_INFO = NO;
				MTL_FAST_MATH = YES;
				SDKROOT = iphoneos;
				STRING_CATALOG_GENERATE_SYMBOLS = YES;
				SWIFT_COMPILATION_MODE = wholemodule;
				VALIDATE_PRODUCT = YES;
			};
			name = Release;
		};
		648CE36A2FB3A4A600034945 /* Debug */ = {
			isa = XCBuildConfiguration;
			baseConfigurationReference = 63399FBBA02C68F042704E61 /* Pods-casestudy1_qris.debug.xcconfig */;
			buildSettings = {
				ASSETCATALOG_COMPILER_APPICON_NAME = AppIcon;
				ASSETCATALOG_COMPILER_GLOBAL_ACCENT_COLOR_NAME = AccentColor;
				CODE_SIGN_STYLE = Automatic;
				CURRENT_PROJECT_VERSION = 1;
				DEVELOPMENT_TEAM = GPX6JJ453B;
				ENABLE_PREVIEWS = NO;
				GENERATE_INFOPLIST_FILE = NO;
				INFOPLIST_FILE = Info.plist;
				INFOPLIST_KEY_UIApplicationSupportsIndirectInputEvents = YES;
				LD_RUNPATH_SEARCH_PATHS = (
					"$(inherited)",
					"@executable_path/Frameworks",
				);
				MARKETING_VERSION = 1.0;
				PRODUCT_BUNDLE_IDENTIFIER = com.example.casestudy1qris;
				PRODUCT_NAME = "$(TARGET_NAME)";
				STRING_CATALOG_GENERATE_SYMBOLS = YES;
				SWIFT_APPROACHABLE_CONCURRENCY = YES;
				SWIFT_DEFAULT_ACTOR_ISOLATION = MainActor;
				SWIFT_EMIT_LOC_STRINGS = YES;
				SWIFT_UPCOMING_FEATURE_MEMBER_IMPORT_VISIBILITY = YES;
				SWIFT_VERSION = 5.0;
				TARGETED_DEVICE_FAMILY = 1;
			};
			name = Debug;
		};
		648CE36B2FB3A4A600034945 /* Release */ = {
			isa = XCBuildConfiguration;
			baseConfigurationReference = 52F90306526584A4304E2E59 /* Pods-casestudy1_qris.release.xcconfig */;
			buildSettings = {
				ASSETCATALOG_COMPILER_APPICON_NAME = AppIcon;
				ASSETCATALOG_COMPILER_GLOBAL_ACCENT_COLOR_NAME = AccentColor;
				CODE_SIGN_STYLE = Automatic;
				CURRENT_PROJECT_VERSION = 1;
				DEVELOPMENT_TEAM = GPX6JJ453B;
				ENABLE_PREVIEWS = NO;
				GENERATE_INFOPLIST_FILE = NO;
				INFOPLIST_FILE = Info.plist;
				INFOPLIST_KEY_UIApplicationSupportsIndirectInputEvents = YES;
				LD_RUNPATH_SEARCH_PATHS = (
					"$(inherited)",
					"@executable_path/Frameworks",
				);
				MARKETING_VERSION = 1.0;
				PRODUCT_BUNDLE_IDENTIFIER = com.example.casestudy1qris;
				PRODUCT_NAME = "$(TARGET_NAME)";
				STRING_CATALOG_GENERATE_SYMBOLS = YES;
				SWIFT_APPROACHABLE_CONCURRENCY = YES;
				SWIFT_DEFAULT_ACTOR_ISOLATION = MainActor;
				SWIFT_EMIT_LOC_STRINGS = YES;
				SWIFT_UPCOMING_FEATURE_MEMBER_IMPORT_VISIBILITY = YES;
				SWIFT_VERSION = 5.0;
				TARGETED_DEVICE_FAMILY = 1;
			};
			name = Release;
		};
		648CE36D2FB3A4A600034945 /* Debug */ = {
			isa = XCBuildConfiguration;
			baseConfigurationReference = B4FB2B5E354A44D72EAF78F5 /* Pods-casestudy1_qrisTests.debug.xcconfig */;
			buildSettings = {
				BUNDLE_LOADER = "$(TEST_HOST)";
				CODE_SIGN_STYLE = Automatic;
				CURRENT_PROJECT_VERSION = 1;
				DEVELOPMENT_TEAM = GPX6JJ453B;
				GENERATE_INFOPLIST_FILE = YES;
				IPHONEOS_DEPLOYMENT_TARGET = 26.4;
				MARKETING_VERSION = 1.0;
				PRODUCT_BUNDLE_IDENTIFIER = com.example.casestudy1qrisTests;
				PRODUCT_NAME = "$(TARGET_NAME)";
				STRING_CATALOG_GENERATE_SYMBOLS = NO;
				SWIFT_APPROACHABLE_CONCURRENCY = YES;
				SWIFT_EMIT_LOC_STRINGS = NO;
				SWIFT_UPCOMING_FEATURE_MEMBER_IMPORT_VISIBILITY = YES;
				SWIFT_VERSION = 5.0;
				TARGETED_DEVICE_FAMILY = "1,2";
				TEST_HOST = "$(BUILT_PRODUCTS_DIR)/casestudy1_qris.app/$(BUNDLE_EXECUTABLE_FOLDER_PATH)/casestudy1_qris";
			};
			name = Debug;
		};
		648CE36E2FB3A4A600034945 /* Release */ = {
			isa = XCBuildConfiguration;
			baseConfigurationReference = 0651FAA9F5AEFDD15624E4A3 /* Pods-casestudy1_qrisTests.release.xcconfig */;
			buildSettings = {
				BUNDLE_LOADER = "$(TEST_HOST)";
				CODE_SIGN_STYLE = Automatic;
				CURRENT_PROJECT_VERSION = 1;
				DEVELOPMENT_TEAM = GPX6JJ453B;
				GENERATE_INFOPLIST_FILE = YES;
				IPHONEOS_DEPLOYMENT_TARGET = 26.4;
				MARKETING_VERSION = 1.0;
				PRODUCT_BUNDLE_IDENTIFIER = com.example.casestudy1qrisTests;
				PRODUCT_NAME = "$(TARGET_NAME)";
				STRING_CATALOG_GENERATE_SYMBOLS = NO;
				SWIFT_APPROACHABLE_CONCURRENCY = YES;
				SWIFT_EMIT_LOC_STRINGS = NO;
				SWIFT_UPCOMING_FEATURE_MEMBER_IMPORT_VISIBILITY = YES;
				SWIFT_VERSION = 5.0;
				TARGETED_DEVICE_FAMILY = "1,2";
				TEST_HOST = "$(BUILT_PRODUCTS_DIR)/casestudy1_qris.app/$(BUNDLE_EXECUTABLE_FOLDER_PATH)/casestudy1_qris";
			};
			name = Release;
		};
		648CE3702FB3A4A600034945 /* Debug */ = {
			isa = XCBuildConfiguration;
			buildSettings = {
				CODE_SIGN_STYLE = Automatic;
				CURRENT_PROJECT_VERSION = 1;
				DEVELOPMENT_TEAM = GPX6JJ453B;
				GENERATE_INFOPLIST_FILE = YES;
				MARKETING_VERSION = 1.0;
				PRODUCT_BUNDLE_IDENTIFIER = com.example.casestudy1qrisUITests;
				PRODUCT_NAME = "$(TARGET_NAME)";
				STRING_CATALOG_GENERATE_SYMBOLS = NO;
				SWIFT_APPROACHABLE_CONCURRENCY = YES;
				SWIFT_EMIT_LOC_STRINGS = NO;
				SWIFT_UPCOMING_FEATURE_MEMBER_IMPORT_VISIBILITY = YES;
				SWIFT_VERSION = 5.0;
				TARGETED_DEVICE_FAMILY = "1,2";
				TEST_TARGET_NAME = casestudy1_qris;
			};
			name = Debug;
		};
		648CE3712FB3A4A600034945 /* Release */ = {
			isa = XCBuildConfiguration;
			buildSettings = {
				CODE_SIGN_STYLE = Automatic;
				CURRENT_PROJECT_VERSION = 1;
				DEVELOPMENT_TEAM = GPX6JJ453B;
				GENERATE_INFOPLIST_FILE = YES;
				MARKETING_VERSION = 1.0;
				PRODUCT_BUNDLE_IDENTIFIER = com.example.casestudy1qrisUITests;
				PRODUCT_NAME = "$(TARGET_NAME)";
				STRING_CATALOG_GENERATE_SYMBOLS = NO;
				SWIFT_APPROACHABLE_CONCURRENCY = YES;
				SWIFT_EMIT_LOC_STRINGS = NO;
				SWIFT_UPCOMING_FEATURE_MEMBER_IMPORT_VISIBILITY = YES;
				SWIFT_VERSION = 5.0;
				TARGETED_DEVICE_FAMILY = "1,2";
				TEST_TARGET_NAME = casestudy1_qris;
			};
			name = Release;
		};
/* End XCBuildConfiguration section */

/* Begin XCConfigurationList section */
		648CE33E2FB3A4A400034945 /* Build configuration list for PBXProject "casestudy1_qris" */ = {
			isa = XCConfigurationList;
			buildConfigurations = (
				648CE3672FB3A4A600034945 /* Debug */,
				648CE3682FB3A4A600034945 /* Release */,
			);
			defaultConfigurationIsVisible = 0;
			defaultConfigurationName = Release;
		};
		648CE3692FB3A4A600034945 /* Build configuration list for PBXNativeTarget "casestudy1_qris" */ = {
			isa = XCConfigurationList;
			buildConfigurations = (
				648CE36A2FB3A4A600034945 /* Debug */,
				648CE36B2FB3A4A600034945 /* Release */,
			);
			defaultConfigurationIsVisible = 0;
			defaultConfigurationName = Release;
		};
		648CE36C2FB3A4A600034945 /* Build configuration list for PBXNativeTarget "casestudy1_qrisTests" */ = {
			isa = XCConfigurationList;
			buildConfigurations = (
				648CE36D2FB3A4A600034945 /* Debug */,
				648CE36E2FB3A4A600034945 /* Release */,
			);
			defaultConfigurationIsVisible = 0;
			defaultConfigurationName = Release;
		};
		648CE36F2FB3A4A600034945 /* Build configuration list for PBXNativeTarget "casestudy1_qrisUITests" */ = {
			isa = XCConfigurationList;
			buildConfigurations = (
				648CE3702FB3A4A600034945 /* Debug */,
				648CE3712FB3A4A600034945 /* Release */,
			);
			defaultConfigurationIsVisible = 0;
			defaultConfigurationName = Release;
		};
/* End XCConfigurationList section */
	};
	rootObject = 648CE33B2FB3A4A400034945 /* Project object */;
}
